
Microsoft Visual Studio Solution File, Format Version 12.00
# Visual Studio 15
VisualStudioVersion = 15.0.27004.2008
MinimumVisualStudioVersion = 10.0.40219.1
Project("{FAE04EC0-301F-11D3-BF4B-00C04F79EFBC}") = "P01_StudentSystemStartUp", "StudentSystem\P01_StudentSystemStartUp.csproj", "{B7F57CB7-B248-4A99-B423-325AE2D6D648}"
EndProject
Project("{FAE04EC0-301F-11D3-BF4B-00C04F79EFBC}") = "P01_StudentSystem", "P01_StudentSystem\P01_StudentSystem.csproj", "{19961506-9BCF-4FCA-B138-19AD85799903}"
EndProject
Global
	GlobalSection(SolutionConfigurationPlatforms) = preSolution
		Debug|Any CPU = Debug|Any CPU
		Release|Any CPU = Release|Any CPU
	EndGlobalSection
	GlobalSection(ProjectConfigurationPlatforms) = postSolution
		{B7F57CB7-B248-4A99-B423-325AE2D6D648}.Debug|Any CPU.ActiveCfg = Debug|Any CPU
		{B7F57CB7-B248-4A99-B423-325AE2D6D648}.Debug|Any CPU.Build.0 = Debug|Any CPU
		{B7F57CB7-B248-4A99-B423-325AE2D6D648}.Release|Any CPU.ActiveCfg = Release|Any CPU
		{B7F57CB7-B248-4A99-B423-325AE2D6D648}.Release|Any CPU.Build.0 = Release|Any CPU
		{19961506-9BCF-4FCA-B138-19AD85799903}.Debug|Any CPU.ActiveCfg = Debug|Any CPU
		{19961506-9BCF-4FCA-B138-19AD85799903}.Debug|Any CPU.Build.0 = Debug|Any CPU
		{19961506-9BCF-4FCA-B138-19AD85799903}.Release|Any CPU.ActiveCfg = Release|Any CPU
		{19961506-9BCF-4FCA-B138-19AD85799903}.Release|Any CPU.Build.0 = Release|Any CPU
	EndGlobalSection
	GlobalSection(SolutionProperties) = preSolution
		HideSolutionNode = FALSE
	EndGlobalSection
	GlobalSection(ExtensibilityGlobals) = postSolution
		SolutionGuid = {F82458C4-8B2D-48E6-AA85-5AAD8CF03595}
	EndGlobalSection
EndGlobal
