
Microsoft Visual Studio Solution File, Format Version 12.00
# Visual Studio 15
VisualStudioVersion = 15.0.27004.2008
MinimumVisualStudioVersion = 10.0.40219.1
Project("{FAE04EC0-301F-11D3-BF4B-00C04F79EFBC}") = "ProductShop.App", "ProductShop.App\ProductShop.App.csproj", "{2B22B186-F212-4C02-96E0-0D51532A246E}"
EndProject
Project("{FAE04EC0-301F-11D3-BF4B-00C04F79EFBC}") = "ProductShop.Data", "ProductShop.Data\ProductShop.Data.csproj", "{6B45C0D5-B908-4798-9D1E-76D812384ECA}"
EndProject
Project("{FAE04EC0-301F-11D3-BF4B-00C04F79EFBC}") = "ProductShop.Models", "ProductShop.Models\ProductShop.Models.csproj", "{B85A2526-9CCC-4377-B054-FBE5C6FB8A65}"
EndProject
Global
	GlobalSection(SolutionConfigurationPlatforms) = preSolution
		Debug|Any CPU = Debug|Any CPU
		Release|Any CPU = Release|Any CPU
	EndGlobalSection
	GlobalSection(ProjectConfigurationPlatforms) = postSolution
		{2B22B186-F212-4C02-96E0-0D51532A246E}.Debug|Any CPU.ActiveCfg = Debug|Any CPU
		{2B22B186-F212-4C02-96E0-0D51532A246E}.Debug|Any CPU.Build.0 = Debug|Any CPU
		{2B22B186-F212-4C02-96E0-0D51532A246E}.Release|Any CPU.ActiveCfg = Release|Any CPU
		{2B22B186-F212-4C02-96E0-0D51532A246E}.Release|Any CPU.Build.0 = Release|Any CPU
		{6B45C0D5-B908-4798-9D1E-76D812384ECA}.Debug|Any CPU.ActiveCfg = Debug|Any CPU
		{6B45C0D5-B908-4798-9D1E-76D812384ECA}.Debug|Any CPU.Build.0 = Debug|Any CPU
		{6B45C0D5-B908-4798-9D1E-76D812384ECA}.Release|Any CPU.ActiveCfg = Release|Any CPU
		{6B45C0D5-B908-4798-9D1E-76D812384ECA}.Release|Any CPU.Build.0 = Release|Any CPU
		{B85A2526-9CCC-4377-B054-FBE5C6FB8A65}.Debug|Any CPU.ActiveCfg = Debug|Any CPU
		{B85A2526-9CCC-4377-B054-FBE5C6FB8A65}.Debug|Any CPU.Build.0 = Debug|Any CPU
		{B85A2526-9CCC-4377-B054-FBE5C6FB8A65}.Release|Any CPU.ActiveCfg = Release|Any CPU
		{B85A2526-9CCC-4377-B054-FBE5C6FB8A65}.Release|Any CPU.Build.0 = Release|Any CPU
	EndGlobalSection
	GlobalSection(SolutionProperties) = preSolution
		HideSolutionNode = FALSE
	EndGlobalSection
	GlobalSection(ExtensibilityGlobals) = postSolution
		SolutionGuid = {3C4364D8-DB03-413D-B54B-00165BE5272A}
	EndGlobalSection
EndGlobal
