
Microsoft Visual Studio Solution File, Format Version 12.00
# Visual Studio 15
VisualStudioVersion = 15.0.26430.16
MinimumVisualStudioVersion = 10.0.40219.1
Project("{FAE04EC0-301F-11D3-BF4B-00C04F79EFBC}") = "01. Person", "01. Person\01. Person.csproj", "{6D8A4685-4E01-4552-BD4E-8F0A65C08FFB}"
EndProject
Project("{FAE04EC0-301F-11D3-BF4B-00C04F79EFBC}") = "02. Book Shop", "02. Book Shop\02. Book Shop.csproj", "{0E5FA1FC-ADA5-45C6-B01F-750197EBFA71}"
EndProject
Project("{FAE04EC0-301F-11D3-BF4B-00C04F79EFBC}") = "03. Mankind", "03. Mankind\03. Mankind.csproj", "{8A0E0A8C-4B1B-4C5F-9D7F-EAA5CD661889}"
EndProject
Global
	GlobalSection(SolutionConfigurationPlatforms) = preSolution
		Debug|Any CPU = Debug|Any CPU
		Release|Any CPU = Release|Any CPU
	EndGlobalSection
	GlobalSection(ProjectConfigurationPlatforms) = postSolution
		{6D8A4685-4E01-4552-BD4E-8F0A65C08FFB}.Debug|Any CPU.ActiveCfg = Debug|Any CPU
		{6D8A4685-4E01-4552-BD4E-8F0A65C08FFB}.Debug|Any CPU.Build.0 = Debug|Any CPU
		{6D8A4685-4E01-4552-BD4E-8F0A65C08FFB}.Release|Any CPU.ActiveCfg = Release|Any CPU
		{6D8A4685-4E01-4552-BD4E-8F0A65C08FFB}.Release|Any CPU.Build.0 = Release|Any CPU
		{0E5FA1FC-ADA5-45C6-B01F-750197EBFA71}.Debug|Any CPU.ActiveCfg = Debug|Any CPU
		{0E5FA1FC-ADA5-45C6-B01F-750197EBFA71}.Debug|Any CPU.Build.0 = Debug|Any CPU
		{0E5FA1FC-ADA5-45C6-B01F-750197EBFA71}.Release|Any CPU.ActiveCfg = Release|Any CPU
		{0E5FA1FC-ADA5-45C6-B01F-750197EBFA71}.Release|Any CPU.Build.0 = Release|Any CPU
		{8A0E0A8C-4B1B-4C5F-9D7F-EAA5CD661889}.Debug|Any CPU.ActiveCfg = Debug|Any CPU
		{8A0E0A8C-4B1B-4C5F-9D7F-EAA5CD661889}.Debug|Any CPU.Build.0 = Debug|Any CPU
		{8A0E0A8C-4B1B-4C5F-9D7F-EAA5CD661889}.Release|Any CPU.ActiveCfg = Release|Any CPU
		{8A0E0A8C-4B1B-4C5F-9D7F-EAA5CD661889}.Release|Any CPU.Build.0 = Release|Any CPU
	EndGlobalSection
	GlobalSection(SolutionProperties) = preSolution
		HideSolutionNode = FALSE
	EndGlobalSection
EndGlobal
