
Microsoft Visual Studio Solution File, Format Version 12.00
# Visual Studio 15
VisualStudioVersion = 15.0.27004.2008
MinimumVisualStudioVersion = 10.0.40219.1
Project("{9A19103F-16F7-4668-BE54-9A1E7A4F7556}") = "P03_SalesDatabase", "P03_SalesDatabase\P03_SalesDatabase.csproj", "{A8EE3546-949F-4E2E-B4E3-72ECE45FBF2C}"
EndProject
Project("{9A19103F-16F7-4668-BE54-9A1E7A4F7556}") = "SalesStartUp", "SalesStartUp\SalesStartUp.csproj", "{873E8D60-DB61-4961-A684-43286CEABE1E}"
EndProject
Global
	GlobalSection(SolutionConfigurationPlatforms) = preSolution
		Debug|Any CPU = Debug|Any CPU
		Release|Any CPU = Release|Any CPU
	EndGlobalSection
	GlobalSection(ProjectConfigurationPlatforms) = postSolution
		{A8EE3546-949F-4E2E-B4E3-72ECE45FBF2C}.Debug|Any CPU.ActiveCfg = Debug|Any CPU
		{A8EE3546-949F-4E2E-B4E3-72ECE45FBF2C}.Debug|Any CPU.Build.0 = Debug|Any CPU
		{A8EE3546-949F-4E2E-B4E3-72ECE45FBF2C}.Release|Any CPU.ActiveCfg = Release|Any CPU
		{A8EE3546-949F-4E2E-B4E3-72ECE45FBF2C}.Release|Any CPU.Build.0 = Release|Any CPU
		{873E8D60-DB61-4961-A684-43286CEABE1E}.Debug|Any CPU.ActiveCfg = Debug|Any CPU
		{873E8D60-DB61-4961-A684-43286CEABE1E}.Debug|Any CPU.Build.0 = Debug|Any CPU
		{873E8D60-DB61-4961-A684-43286CEABE1E}.Release|Any CPU.ActiveCfg = Release|Any CPU
		{873E8D60-DB61-4961-A684-43286CEABE1E}.Release|Any CPU.Build.0 = Release|Any CPU
	EndGlobalSection
	GlobalSection(SolutionProperties) = preSolution
		HideSolutionNode = FALSE
	EndGlobalSection
	GlobalSection(ExtensibilityGlobals) = postSolution
		SolutionGuid = {D5350BD7-9751-4EA5-BA37-741908D619DD}
	EndGlobalSection
EndGlobal
