
Microsoft Visual Studio Solution File, Format Version 12.00
# Visual Studio 15
VisualStudioVersion = 15.0.27004.2008
MinimumVisualStudioVersion = 10.0.40219.1
Project("{9A19103F-16F7-4668-BE54-9A1E7A4F7556}") = "P01_HospitalDatabase", "P01_HospitalDatabase\P01_HospitalDatabase.csproj", "{29E25EF8-82B0-4DBD-A89C-616A0B1DA0BC}"
EndProject
Project("{9A19103F-16F7-4668-BE54-9A1E7A4F7556}") = "HospitalStartUp", "HospitalStartUp\HospitalStartUp.csproj", "{5E184220-E36C-4FF0-A900-3EFAB7EEBD85}"
EndProject
Global
	GlobalSection(SolutionConfigurationPlatforms) = preSolution
		Debug|Any CPU = Debug|Any CPU
		Release|Any CPU = Release|Any CPU
	EndGlobalSection
	GlobalSection(ProjectConfigurationPlatforms) = postSolution
		{29E25EF8-82B0-4DBD-A89C-616A0B1DA0BC}.Debug|Any CPU.ActiveCfg = Debug|Any CPU
		{29E25EF8-82B0-4DBD-A89C-616A0B1DA0BC}.Debug|Any CPU.Build.0 = Debug|Any CPU
		{29E25EF8-82B0-4DBD-A89C-616A0B1DA0BC}.Release|Any CPU.ActiveCfg = Release|Any CPU
		{29E25EF8-82B0-4DBD-A89C-616A0B1DA0BC}.Release|Any CPU.Build.0 = Release|Any CPU
		{5E184220-E36C-4FF0-A900-3EFAB7EEBD85}.Debug|Any CPU.ActiveCfg = Debug|Any CPU
		{5E184220-E36C-4FF0-A900-3EFAB7EEBD85}.Debug|Any CPU.Build.0 = Debug|Any CPU
		{5E184220-E36C-4FF0-A900-3EFAB7EEBD85}.Release|Any CPU.ActiveCfg = Release|Any CPU
		{5E184220-E36C-4FF0-A900-3EFAB7EEBD85}.Release|Any CPU.Build.0 = Release|Any CPU
	EndGlobalSection
	GlobalSection(SolutionProperties) = preSolution
		HideSolutionNode = FALSE
	EndGlobalSection
	GlobalSection(ExtensibilityGlobals) = postSolution
		SolutionGuid = {483E59B9-673A-49FD-8921-5EF1B44905CF}
	EndGlobalSection
EndGlobal
