
Microsoft Visual Studio Solution File, Format Version 12.00
# Visual Studio 15
VisualStudioVersion = 15.0.27004.2008
MinimumVisualStudioVersion = 10.0.40219.1
Project("{FAE04EC0-301F-11D3-BF4B-00C04F79EFBC}") = "TeamBuilder.Models", "TeamBuilder.Models\TeamBuilder.Models.csproj", "{26440D2C-99BB-48C6-BC89-37CCD2D13D28}"
EndProject
Project("{FAE04EC0-301F-11D3-BF4B-00C04F79EFBC}") = "TeamBuilder.Data", "TeamBuilder.Data\TeamBuilder.Data.csproj", "{9ACC4C2E-3F61-4F47-967F-AC92353499F0}"
EndProject
Project("{FAE04EC0-301F-11D3-BF4B-00C04F79EFBC}") = "TeamBuilder.App", "TeamBuilder.App\TeamBuilder.App.csproj", "{C65C2B66-1407-4E9C-B359-BBA67BE85E34}"
EndProject
Global
	GlobalSection(SolutionConfigurationPlatforms) = preSolution
		Debug|Any CPU = Debug|Any CPU
		Release|Any CPU = Release|Any CPU
	EndGlobalSection
	GlobalSection(ProjectConfigurationPlatforms) = postSolution
		{26440D2C-99BB-48C6-BC89-37CCD2D13D28}.Debug|Any CPU.ActiveCfg = Debug|Any CPU
		{26440D2C-99BB-48C6-BC89-37CCD2D13D28}.Debug|Any CPU.Build.0 = Debug|Any CPU
		{26440D2C-99BB-48C6-BC89-37CCD2D13D28}.Release|Any CPU.ActiveCfg = Release|Any CPU
		{26440D2C-99BB-48C6-BC89-37CCD2D13D28}.Release|Any CPU.Build.0 = Release|Any CPU
		{9ACC4C2E-3F61-4F47-967F-AC92353499F0}.Debug|Any CPU.ActiveCfg = Debug|Any CPU
		{9ACC4C2E-3F61-4F47-967F-AC92353499F0}.Debug|Any CPU.Build.0 = Debug|Any CPU
		{9ACC4C2E-3F61-4F47-967F-AC92353499F0}.Release|Any CPU.ActiveCfg = Release|Any CPU
		{9ACC4C2E-3F61-4F47-967F-AC92353499F0}.Release|Any CPU.Build.0 = Release|Any CPU
		{C65C2B66-1407-4E9C-B359-BBA67BE85E34}.Debug|Any CPU.ActiveCfg = Debug|Any CPU
		{C65C2B66-1407-4E9C-B359-BBA67BE85E34}.Debug|Any CPU.Build.0 = Debug|Any CPU
		{C65C2B66-1407-4E9C-B359-BBA67BE85E34}.Release|Any CPU.ActiveCfg = Release|Any CPU
		{C65C2B66-1407-4E9C-B359-BBA67BE85E34}.Release|Any CPU.Build.0 = Release|Any CPU
	EndGlobalSection
	GlobalSection(SolutionProperties) = preSolution
		HideSolutionNode = FALSE
	EndGlobalSection
	GlobalSection(ExtensibilityGlobals) = postSolution
		SolutionGuid = {361AEE67-F866-49FD-ABCF-081436E6EF0E}
	EndGlobalSection
EndGlobal
